
Microsoft Visual Studio Solution File, Format Version 12.00
# Visual Studio Version 16
VisualStudioVersion = 16.0.30611.23
MinimumVisualStudioVersion = 10.0.40219.1
Project("{8BC9CEB8-8B4A-11D0-8D11-00A0C91BC942}") = "1. Buy movie tickets", "1. Buy movie tickets\1. Buy movie tickets.vcxproj", "{E431F5F5-E32D-4B35-93A0-1A56BA8101BD}"
EndProject
Project("{8BC9CEB8-8B4A-11D0-8D11-00A0C91BC942}") = "2. Grocery Store", "2. Grocery Store\2. Grocery Store.vcxproj", "{A00D1828-4286-4627-84CC-98768C8A22F3}"
EndProject
Project("{8BC9CEB8-8B4A-11D0-8D11-00A0C91BC942}") = "3. Max Area", "3. Max Area\3. Max Area.vcxproj", "{B0BB0E89-29A5-4070-AD16-630BBCFF7542}"
EndProject
Project("{8BC9CEB8-8B4A-11D0-8D11-00A0C91BC942}") = "4. Book Of Address", "4. Book Of Address\4. Book Of Address.vcxproj", "{316F33EF-CAEF-4810-B4F2-958AB5336365}"
EndProject
Project("{8BC9CEB8-8B4A-11D0-8D11-00A0C91BC942}") = "5. First Bad Version", "5. First Bad Version\5. First Bad Version.vcxproj", "{1E3B6800-152A-48CD-AE83-B69DC7AB7D23}"
EndProject
Project("{8BC9CEB8-8B4A-11D0-8D11-00A0C91BC942}") = "6. MR.Ngau-MRS.Ngau", "6. MR.Ngau-MRS.Ngau\6. MR.Ngau-MRS.Ngau.vcxproj", "{C909E205-7224-40AD-8CD9-CE0AC81FFA66}"
EndProject
Project("{8BC9CEB8-8B4A-11D0-8D11-00A0C91BC942}") = "7. Monk and Island", "7. Monk and Island\7. Monk and Island.vcxproj", "{D61901B2-B44B-4D98-B0C7-1571DE0EEAF9}"
EndProject
Global
	GlobalSection(SolutionConfigurationPlatforms) = preSolution
		Debug|x64 = Debug|x64
		Debug|x86 = Debug|x86
		Release|x64 = Release|x64
		Release|x86 = Release|x86
	EndGlobalSection
	GlobalSection(ProjectConfigurationPlatforms) = postSolution
		{E431F5F5-E32D-4B35-93A0-1A56BA8101BD}.Debug|x64.ActiveCfg = Debug|x64
		{E431F5F5-E32D-4B35-93A0-1A56BA8101BD}.Debug|x64.Build.0 = Debug|x64
		{E431F5F5-E32D-4B35-93A0-1A56BA8101BD}.Debug|x86.ActiveCfg = Debug|Win32
		{E431F5F5-E32D-4B35-93A0-1A56BA8101BD}.Debug|x86.Build.0 = Debug|Win32
		{E431F5F5-E32D-4B35-93A0-1A56BA8101BD}.Release|x64.ActiveCfg = Release|x64
		{E431F5F5-E32D-4B35-93A0-1A56BA8101BD}.Release|x64.Build.0 = Release|x64
		{E431F5F5-E32D-4B35-93A0-1A56BA8101BD}.Release|x86.ActiveCfg = Release|Win32
		{E431F5F5-E32D-4B35-93A0-1A56BA8101BD}.Release|x86.Build.0 = Release|Win32
		{A00D1828-4286-4627-84CC-98768C8A22F3}.Debug|x64.ActiveCfg = Debug|x64
		{A00D1828-4286-4627-84CC-98768C8A22F3}.Debug|x64.Build.0 = Debug|x64
		{A00D1828-4286-4627-84CC-98768C8A22F3}.Debug|x86.ActiveCfg = Debug|Win32
		{A00D1828-4286-4627-84CC-98768C8A22F3}.Debug|x86.Build.0 = Debug|Win32
		{A00D1828-4286-4627-84CC-98768C8A22F3}.Release|x64.ActiveCfg = Release|x64
		{A00D1828-4286-4627-84CC-98768C8A22F3}.Release|x64.Build.0 = Release|x64
		{A00D1828-4286-4627-84CC-98768C8A22F3}.Release|x86.ActiveCfg = Release|Win32
		{A00D1828-4286-4627-84CC-98768C8A22F3}.Release|x86.Build.0 = Release|Win32
		{B0BB0E89-29A5-4070-AD16-630BBCFF7542}.Debug|x64.ActiveCfg = Debug|x64
		{B0BB0E89-29A5-4070-AD16-630BBCFF7542}.Debug|x64.Build.0 = Debug|x64
		{B0BB0E89-29A5-4070-AD16-630BBCFF7542}.Debug|x86.ActiveCfg = Debug|Win32
		{B0BB0E89-29A5-4070-AD16-630BBCFF7542}.Debug|x86.Build.0 = Debug|Win32
		{B0BB0E89-29A5-4070-AD16-630BBCFF7542}.Release|x64.ActiveCfg = Release|x64
		{B0BB0E89-29A5-4070-AD16-630BBCFF7542}.Release|x64.Build.0 = Release|x64
		{B0BB0E89-29A5-4070-AD16-630BBCFF7542}.Release|x86.ActiveCfg = Release|Win32
		{B0BB0E89-29A5-4070-AD16-630BBCFF7542}.Release|x86.Build.0 = Release|Win32
		{316F33EF-CAEF-4810-B4F2-958AB5336365}.Debug|x64.ActiveCfg = Debug|x64
		{316F33EF-CAEF-4810-B4F2-958AB5336365}.Debug|x64.Build.0 = Debug|x64
		{316F33EF-CAEF-4810-B4F2-958AB5336365}.Debug|x86.ActiveCfg = Debug|Win32
		{316F33EF-CAEF-4810-B4F2-958AB5336365}.Debug|x86.Build.0 = Debug|Win32
		{316F33EF-CAEF-4810-B4F2-958AB5336365}.Release|x64.ActiveCfg = Release|x64
		{316F33EF-CAEF-4810-B4F2-958AB5336365}.Release|x64.Build.0 = Release|x64
		{316F33EF-CAEF-4810-B4F2-958AB5336365}.Release|x86.ActiveCfg = Release|Win32
		{316F33EF-CAEF-4810-B4F2-958AB5336365}.Release|x86.Build.0 = Release|Win32
		{1E3B6800-152A-48CD-AE83-B69DC7AB7D23}.Debug|x64.ActiveCfg = Debug|x64
		{1E3B6800-152A-48CD-AE83-B69DC7AB7D23}.Debug|x64.Build.0 = Debug|x64
		{1E3B6800-152A-48CD-AE83-B69DC7AB7D23}.Debug|x86.ActiveCfg = Debug|Win32
		{1E3B6800-152A-48CD-AE83-B69DC7AB7D23}.Debug|x86.Build.0 = Debug|Win32
		{1E3B6800-152A-48CD-AE83-B69DC7AB7D23}.Release|x64.ActiveCfg = Release|x64
		{1E3B6800-152A-48CD-AE83-B69DC7AB7D23}.Release|x64.Build.0 = Release|x64
		{1E3B6800-152A-48CD-AE83-B69DC7AB7D23}.Release|x86.ActiveCfg = Release|Win32
		{1E3B6800-152A-48CD-AE83-B69DC7AB7D23}.Release|x86.Build.0 = Release|Win32
		{C909E205-7224-40AD-8CD9-CE0AC81FFA66}.Debug|x64.ActiveCfg = Debug|x64
		{C909E205-7224-40AD-8CD9-CE0AC81FFA66}.Debug|x64.Build.0 = Debug|x64
		{C909E205-7224-40AD-8CD9-CE0AC81FFA66}.Debug|x86.ActiveCfg = Debug|Win32
		{C909E205-7224-40AD-8CD9-CE0AC81FFA66}.Debug|x86.Build.0 = Debug|Win32
		{C909E205-7224-40AD-8CD9-CE0AC81FFA66}.Release|x64.ActiveCfg = Release|x64
		{C909E205-7224-40AD-8CD9-CE0AC81FFA66}.Release|x64.Build.0 = Release|x64
		{C909E205-7224-40AD-8CD9-CE0AC81FFA66}.Release|x86.ActiveCfg = Release|Win32
		{C909E205-7224-40AD-8CD9-CE0AC81FFA66}.Release|x86.Build.0 = Release|Win32
		{D61901B2-B44B-4D98-B0C7-1571DE0EEAF9}.Debug|x64.ActiveCfg = Debug|x64
		{D61901B2-B44B-4D98-B0C7-1571DE0EEAF9}.Debug|x64.Build.0 = Debug|x64
		{D61901B2-B44B-4D98-B0C7-1571DE0EEAF9}.Debug|x86.ActiveCfg = Debug|Win32
		{D61901B2-B44B-4D98-B0C7-1571DE0EEAF9}.Debug|x86.Build.0 = Debug|Win32
		{D61901B2-B44B-4D98-B0C7-1571DE0EEAF9}.Release|x64.ActiveCfg = Release|x64
		{D61901B2-B44B-4D98-B0C7-1571DE0EEAF9}.Release|x64.Build.0 = Release|x64
		{D61901B2-B44B-4D98-B0C7-1571DE0EEAF9}.Release|x86.ActiveCfg = Release|Win32
		{D61901B2-B44B-4D98-B0C7-1571DE0EEAF9}.Release|x86.Build.0 = Release|Win32
	EndGlobalSection
	GlobalSection(SolutionProperties) = preSolution
		HideSolutionNode = FALSE
	EndGlobalSection
	GlobalSection(ExtensibilityGlobals) = postSolution
		SolutionGuid = {047EB0FC-6B31-4EFB-B66B-48129405DB79}
	EndGlobalSection
EndGlobal
