
Microsoft Visual Studio Solution File, Format Version 12.00
# Visual Studio Version 16
VisualStudioVersion = 16.0.31410.357
MinimumVisualStudioVersion = 10.0.40219.1
Project("{8BC9CEB8-8B4A-11D0-8D11-00A0C91BC942}") = "Interpolation_Search", "Interpolation_Search\Interpolation_Search.vcxproj", "{D457994D-3F06-4E1D-8503-5BD554EED15B}"
EndProject
Global
	GlobalSection(SolutionConfigurationPlatforms) = preSolution
		Debug|x64 = Debug|x64
		Debug|x86 = Debug|x86
		Release|x64 = Release|x64
		Release|x86 = Release|x86
	EndGlobalSection
	GlobalSection(ProjectConfigurationPlatforms) = postSolution
		{D457994D-3F06-4E1D-8503-5BD554EED15B}.Debug|x64.ActiveCfg = Debug|x64
		{D457994D-3F06-4E1D-8503-5BD554EED15B}.Debug|x64.Build.0 = Debug|x64
		{D457994D-3F06-4E1D-8503-5BD554EED15B}.Debug|x86.ActiveCfg = Debug|Win32
		{D457994D-3F06-4E1D-8503-5BD554EED15B}.Debug|x86.Build.0 = Debug|Win32
		{D457994D-3F06-4E1D-8503-5BD554EED15B}.Release|x64.ActiveCfg = Release|x64
		{D457994D-3F06-4E1D-8503-5BD554EED15B}.Release|x64.Build.0 = Release|x64
		{D457994D-3F06-4E1D-8503-5BD554EED15B}.Release|x86.ActiveCfg = Release|Win32
		{D457994D-3F06-4E1D-8503-5BD554EED15B}.Release|x86.Build.0 = Release|Win32
	EndGlobalSection
	GlobalSection(SolutionProperties) = preSolution
		HideSolutionNode = FALSE
	EndGlobalSection
	GlobalSection(ExtensibilityGlobals) = postSolution
		SolutionGuid = {3FA05FD2-B2AB-44D0-ACBB-C881F781A115}
	EndGlobalSection
EndGlobal
